{
  "name": "learn-from-youtube",
  "version": "1.0.0",
  "lockfileVersion": 1,
  "requires": true,
  "dependencies": {
    "simple-build-kit": {
      "version": "1.1.2",
      "resolved": "https://registry.npmjs.org/simple-build-kit/-/simple-build-kit-1.1.2.tgz",
      "integrity": "sha512-EnABb+Yvx+NFnbN7gbuOWwsbToza2gQ6UpYySegQ4J5z6Z/Gzq59EuHJIUs4H8vghghZKUX4PCeNfJekPVGIcw=="
    }
  }
}
